# THIS IS AN AUTOGENERATED FILE. DO NOT EDIT THIS FILE DIRECTLY.
# yarn lockfile v1


snabbdom@^2.1.0:
  version "2.1.0"
  resolved "https://registry.yarnpkg.com/snabbdom/-/snabbdom-2.1.0.tgz#cef6d44f1170574582bffdce128cfbb46d2b5f6b"
  integrity sha512-3GPeO80A2/bob5ADrkRX8FtvW8kHbJ0aRb4XAN2MIN4bY2dprNJkhp87AgfjWgVhIkwgX9DOsuTLjWwBhMXMkQ==
